
Microsoft Visual Studio Solution File, Format Version 12.00
# Visual Studio Version 16
VisualStudioVersion = 16.0.30320.27
MinimumVisualStudioVersion = 10.0.40219.1
Project("{9A19103F-16F7-4668-BE54-9A1E7A4F7556}") = "T2L7", "T2L7\T2L7.csproj", "{F2F8124C-C0F9-4487-B973-7A5B72A92583}"
EndProject
Project("{9A19103F-16F7-4668-BE54-9A1E7A4F7556}") = "T2L8", "T2L8\T2L8.csproj", "{6F5544AD-D9CD-428F-892C-C145FD8D10D0}"
EndProject
Project("{FAE04EC0-301F-11D3-BF4B-00C04F79EFBC}") = "T2_Homework", "T2_Homework\T2_Homework.csproj", "{FE24C882-7F36-4183-B3DE-0AA2D6F5D1AE}"
EndProject
Global
	GlobalSection(SolutionConfigurationPlatforms) = preSolution
		Debug|Any CPU = Debug|Any CPU
		Release|Any CPU = Release|Any CPU
	EndGlobalSection
	GlobalSection(ProjectConfigurationPlatforms) = postSolution
		{F2F8124C-C0F9-4487-B973-7A5B72A92583}.Debug|Any CPU.ActiveCfg = Debug|Any CPU
		{F2F8124C-C0F9-4487-B973-7A5B72A92583}.Debug|Any CPU.Build.0 = Debug|Any CPU
		{F2F8124C-C0F9-4487-B973-7A5B72A92583}.Release|Any CPU.ActiveCfg = Release|Any CPU
		{F2F8124C-C0F9-4487-B973-7A5B72A92583}.Release|Any CPU.Build.0 = Release|Any CPU
		{6F5544AD-D9CD-428F-892C-C145FD8D10D0}.Debug|Any CPU.ActiveCfg = Debug|Any CPU
		{6F5544AD-D9CD-428F-892C-C145FD8D10D0}.Debug|Any CPU.Build.0 = Debug|Any CPU
		{6F5544AD-D9CD-428F-892C-C145FD8D10D0}.Release|Any CPU.ActiveCfg = Release|Any CPU
		{6F5544AD-D9CD-428F-892C-C145FD8D10D0}.Release|Any CPU.Build.0 = Release|Any CPU
		{FE24C882-7F36-4183-B3DE-0AA2D6F5D1AE}.Debug|Any CPU.ActiveCfg = Debug|Any CPU
		{FE24C882-7F36-4183-B3DE-0AA2D6F5D1AE}.Debug|Any CPU.Build.0 = Debug|Any CPU
		{FE24C882-7F36-4183-B3DE-0AA2D6F5D1AE}.Release|Any CPU.ActiveCfg = Release|Any CPU
		{FE24C882-7F36-4183-B3DE-0AA2D6F5D1AE}.Release|Any CPU.Build.0 = Release|Any CPU
	EndGlobalSection
	GlobalSection(SolutionProperties) = preSolution
		HideSolutionNode = FALSE
	EndGlobalSection
	GlobalSection(ExtensibilityGlobals) = postSolution
		SolutionGuid = {D2C064F9-042C-421C-B393-E5B872EC5233}
	EndGlobalSection
EndGlobal
