
Microsoft Visual Studio Solution File, Format Version 12.00
# Visual Studio Version 16
VisualStudioVersion = 16.0.30320.27
MinimumVisualStudioVersion = 10.0.40219.1
Project("{2150E333-8FDC-42A3-9474-1A3956D46DE8}") = "Exercises", "Exercises", "{59605EB3-D070-4CDC-9ACB-3631A859642F}"
EndProject
Project("{9A19103F-16F7-4668-BE54-9A1E7A4F7556}") = "RTManager.App", "RTManager.App\RTManager.App.csproj", "{072AD3D4-E262-4392-9F70-0E3079C5C54E}"
EndProject
Project("{9A19103F-16F7-4668-BE54-9A1E7A4F7556}") = "RTManager.Domian", "RTManager.Domian\RTManager.Domian.csproj", "{72B71117-2CA8-4B60-BCC2-ADBB84124B94}"
EndProject
Project("{9A19103F-16F7-4668-BE54-9A1E7A4F7556}") = "RTManager", "RTManager\RTManager.csproj", "{3A225401-561A-4F51-8841-559CF74DF25D}"
EndProject
Project("{9A19103F-16F7-4668-BE54-9A1E7A4F7556}") = "T2L7", "Exercises\T2L7\T2L7.csproj", "{C15615D4-9529-4F2D-8D98-F32A958D6DB6}"
EndProject
Project("{9A19103F-16F7-4668-BE54-9A1E7A4F7556}") = "T2L8", "Exercises\T2L8\T2L8.csproj", "{5CCEA2A4-5434-41FD-A527-5548644F65C7}"
EndProject
Global
	GlobalSection(SolutionConfigurationPlatforms) = preSolution
		Debug|Any CPU = Debug|Any CPU
		Release|Any CPU = Release|Any CPU
	EndGlobalSection
	GlobalSection(ProjectConfigurationPlatforms) = postSolution
		{072AD3D4-E262-4392-9F70-0E3079C5C54E}.Debug|Any CPU.ActiveCfg = Debug|Any CPU
		{072AD3D4-E262-4392-9F70-0E3079C5C54E}.Debug|Any CPU.Build.0 = Debug|Any CPU
		{072AD3D4-E262-4392-9F70-0E3079C5C54E}.Release|Any CPU.ActiveCfg = Release|Any CPU
		{072AD3D4-E262-4392-9F70-0E3079C5C54E}.Release|Any CPU.Build.0 = Release|Any CPU
		{72B71117-2CA8-4B60-BCC2-ADBB84124B94}.Debug|Any CPU.ActiveCfg = Debug|Any CPU
		{72B71117-2CA8-4B60-BCC2-ADBB84124B94}.Debug|Any CPU.Build.0 = Debug|Any CPU
		{72B71117-2CA8-4B60-BCC2-ADBB84124B94}.Release|Any CPU.ActiveCfg = Release|Any CPU
		{72B71117-2CA8-4B60-BCC2-ADBB84124B94}.Release|Any CPU.Build.0 = Release|Any CPU
		{3A225401-561A-4F51-8841-559CF74DF25D}.Debug|Any CPU.ActiveCfg = Debug|Any CPU
		{3A225401-561A-4F51-8841-559CF74DF25D}.Debug|Any CPU.Build.0 = Debug|Any CPU
		{3A225401-561A-4F51-8841-559CF74DF25D}.Release|Any CPU.ActiveCfg = Release|Any CPU
		{3A225401-561A-4F51-8841-559CF74DF25D}.Release|Any CPU.Build.0 = Release|Any CPU
		{C15615D4-9529-4F2D-8D98-F32A958D6DB6}.Debug|Any CPU.ActiveCfg = Debug|Any CPU
		{C15615D4-9529-4F2D-8D98-F32A958D6DB6}.Debug|Any CPU.Build.0 = Debug|Any CPU
		{C15615D4-9529-4F2D-8D98-F32A958D6DB6}.Release|Any CPU.ActiveCfg = Release|Any CPU
		{C15615D4-9529-4F2D-8D98-F32A958D6DB6}.Release|Any CPU.Build.0 = Release|Any CPU
		{5CCEA2A4-5434-41FD-A527-5548644F65C7}.Debug|Any CPU.ActiveCfg = Debug|Any CPU
		{5CCEA2A4-5434-41FD-A527-5548644F65C7}.Debug|Any CPU.Build.0 = Debug|Any CPU
		{5CCEA2A4-5434-41FD-A527-5548644F65C7}.Release|Any CPU.ActiveCfg = Release|Any CPU
		{5CCEA2A4-5434-41FD-A527-5548644F65C7}.Release|Any CPU.Build.0 = Release|Any CPU
	EndGlobalSection
	GlobalSection(SolutionProperties) = preSolution
		HideSolutionNode = FALSE
	EndGlobalSection
	GlobalSection(NestedProjects) = preSolution
		{C15615D4-9529-4F2D-8D98-F32A958D6DB6} = {59605EB3-D070-4CDC-9ACB-3631A859642F}
		{5CCEA2A4-5434-41FD-A527-5548644F65C7} = {59605EB3-D070-4CDC-9ACB-3631A859642F}
	EndGlobalSection
	GlobalSection(ExtensibilityGlobals) = postSolution
		SolutionGuid = {D2C064F9-042C-421C-B393-E5B872EC5233}
	EndGlobalSection
EndGlobal
